
Microsoft Visual Studio Solution File, Format Version 12.00
# Visual Studio Version 17
VisualStudioVersion = 17.11.35312.102
MinimumVisualStudioVersion = 10.0.40219.1
Project("{FAE04EC0-301F-11D3-BF4B-00C04F79EFBC}") = "KeyServer", "KeyServer\KeyServer.csproj", "{AA60B954-D4ED-4CFC-A699-E25CF9DABB1A}"
EndProject
Project("{FAE04EC0-301F-11D3-BF4B-00C04F79EFBC}") = "KeyServerManager", "KeyServerManager\KeyServerManager.csproj", "{C86B75A3-5B35-4585-B80F-39E39AA4510C}"
EndProject
Global
	GlobalSection(SolutionConfigurationPlatforms) = preSolution
		Debug|Any CPU = Debug|Any CPU
		Release|Any CPU = Release|Any CPU
	EndGlobalSection
	GlobalSection(ProjectConfigurationPlatforms) = postSolution
		{AA60B954-D4ED-4CFC-A699-E25CF9DABB1A}.Debug|Any CPU.ActiveCfg = Debug|Any CPU
		{AA60B954-D4ED-4CFC-A699-E25CF9DABB1A}.Debug|Any CPU.Build.0 = Debug|Any CPU
		{AA60B954-D4ED-4CFC-A699-E25CF9DABB1A}.Release|Any CPU.ActiveCfg = Release|Any CPU
		{AA60B954-D4ED-4CFC-A699-E25CF9DABB1A}.Release|Any CPU.Build.0 = Release|Any CPU
		{C86B75A3-5B35-4585-B80F-39E39AA4510C}.Debug|Any CPU.ActiveCfg = Debug|Any CPU
		{C86B75A3-5B35-4585-B80F-39E39AA4510C}.Debug|Any CPU.Build.0 = Debug|Any CPU
		{C86B75A3-5B35-4585-B80F-39E39AA4510C}.Release|Any CPU.ActiveCfg = Release|Any CPU
		{C86B75A3-5B35-4585-B80F-39E39AA4510C}.Release|Any CPU.Build.0 = Release|Any CPU
	EndGlobalSection
	GlobalSection(SolutionProperties) = preSolution
		HideSolutionNode = FALSE
	EndGlobalSection
	GlobalSection(ExtensibilityGlobals) = postSolution
		SolutionGuid = {325E4C73-4505-46C5-AFE1-B296AD3D6608}
	EndGlobalSection
EndGlobal
